github.com/gorilla/handlers v1.4.2 h1:0QniY0USkHQ1RGCLfKxeNHK9bkDHGRYGNDFBCS+YARg=
github.com/gorilla/handlers v1.4.2/go.mod h1:Qkdc/uu4tH4g6mTK6auzZ766c4CA0Ng8+o/OAirnOIQ=
github.com/gorilla/websocket v1.4.1 h1:q7AeDBpnBk8AogcD4DSag/Ukw/KV+YhzLj2bP5HvKCM=
github.com/gorilla/websocket v1.4.1/go.mod h1:YR8l580nyteQvAITg2hZ9XVh4b55+EU/adAjf1fMHhE=
github.com/progrium/esbuild v0.0.0-20200327212623-fae14fb26173 h1:q4QMKSrYQstPheCBkYDBvECSgaQqeK4rHaOoZjRdZgc=
github.com/progrium/esbuild v0.0.0-20200327212623-fae14fb26173/go.mod h1:JWvqYJaHSrk+OnKTRemRXjGixls7mWM9xHwXSW5Qzro=
github.com/progrium/hotweb v0.0.0-20200507050031-571bb783a2b1 h1:dB6qyIcwmXQY961hKr7dS1DlQYyNJme/YiW32IWU7hk=
github.com/progrium/hotweb v0.0.0-20200507050031-571bb783a2b1/go.mod h1:3Z54O+TR/f52l3JTYzRmySBC4Iu8gcaX8cqgSGKa/b8=
github.com/progrium/hotweb v0.0.0-20200507052928-11ce8f97dbff h1:shMSHVO3CFTmUtGQXVsJ6/+CLWyPZJCkIcYKbKqhkBw=
github.com/progrium/hotweb v0.0.0-20200507052928-11ce8f97dbff/go.mod h1:3Z54O+TR/f52l3JTYzRmySBC4Iu8gcaX8cqgSGKa/b8=
github.com/progrium/hotweb v0.0.0-20200526224333-07104ca9326c h1:VwXF1Ks3T/8JJo+4acsio3OrPKdV1eWL0wmHluToL9I=
github.com/progrium/hotweb v0.0.0-20200526224333-07104ca9326c/go.mod h1:3Z54O+TR/f52l3JTYzRmySBC4Iu8gcaX8cqgSGKa/b8=
github.com/progrium/watcher v1.0.8-0.20200403214642-88c0f931de38 h1:HpY7P6KAfacRCsWh+XwT4pKArLqRilfOMeLnSX423r0=
github.com/progrium/watcher v1.0.8-0.20200403214642-88c0f931de38/go.mod h1:JQYLbWpkvkx6EDYKgqn4Tv5zwhRXe9a+MQw1wnmcyvI=
github.com/radovskyb/watcher v1.0.7/go.mod h1:78okwvY5wPdzcb1UYnip1pvrZNIVEIh/Cm+ZuvsUYIg=
github.com/skratchdot/open-golang v0.0.0-20200116055534-eef842397966/go.mod h1:sUM3LWHvSMaG192sy56D9F7CNvL7jUJVXoqM1QKLnog=
github.com/spf13/afero v1.2.2 h1:5jhuqJyZCZf2JRofRvN/nIFgIWNzPa3/Vz8mYylgbWc=
github.com/spf13/afero v1.2.2/go.mod h1:9ZxEEn6pIJ8Rxe320qSDBk6AsU0r9pR7Q4OcevTdifk=
github.com/zserge/webview v0.0.0-20200121135717-9c1b0a888aa4 h1:UjGpx0KjJegeVC/TZEL/dSCTUXajewpIA1NTF8snadg=
github.com/zserge/webview v0.0.0-20200121135717-9c1b0a888aa4/go.mod h1:a1CV8KR4Dd1eP2g+mEijGOp+HKczwdKHWyx0aPHKvo4=
github.com/zserge/webview v0.0.0-20200516134046-4caf698fad53 h1:7qvr23qx/4M/y1/04h1XwQI+T+xZep+K+XuP3vBw3aE=
github.com/zserge/webview v0.0.0-20200516134046-4caf698fad53/go.mod h1:qxc/5N3SOFrs3q+EAVHqaJ1oLbm+hHlDhfhRYg8x7wQ=
golang.org/x/text v0.3.0/go.mod h1:NqM8EUOU14njkJ3fqMW+pc6Ldnwhi/IjpwHt7yyuwOQ=
golang.org/x/text v0.3.2 h1:tW2bmiBqwgJj/UpqtC8EpXEZVYOwU0yG4iWbprSVAcs=
golang.org/x/text v0.3.2/go.mod h1:bEr9sfX3Q8Zfm5fL9x+3itogRgK3+ptLWKqgva+5dAk=
golang.org/x/tools v0.0.0-20180917221912-90fa682c2a6e/go.mod h1:n7NCudcB/nEzxVGmLbDWY5pfWTLqBcC2KZ6jyYvM4mQ=
