github.com/davecgh/go-spew v1.1.1 h1:vj9j/u1bqnvCEfJOwUhtlOARqs3+rkHYY13jYWTU97c=
github.com/davecgh/go-spew v1.1.1/go.mod h1:J7Y8YcW2NihsgmVo/mv3lAwl/skON4iLHjSsI+c5H38=
github.com/gorilla/websocket v1.4.1 h1:q7AeDBpnBk8AogcD4DSag/Ukw/KV+YhzLj2bP5HvKCM=
github.com/gorilla/websocket v1.4.1/go.mod h1:YR8l580nyteQvAITg2hZ9XVh4b55+EU/adAjf1fMHhE=
github.com/progrium/construct v0.0.0-20200210234600-8ee573f2e229 h1:bwyO5oozXEMCpZWEjbIlTd0V4mpHXSD/Odj3CpwBrsA=
github.com/radovskyb/watcher v1.0.7 h1:AYePLih6dpmS32vlHfhCeli8127LzkIgwJGcwwe8tUE=
github.com/radovskyb/watcher v1.0.7/go.mod h1:78okwvY5wPdzcb1UYnip1pvrZNIVEIh/Cm+ZuvsUYIg=
github.com/robertkrimen/otto v0.0.0-20191219234010-c382bd3c16ff h1:+6NUiITWwE5q1KO6SAfUX918c+Tab0+tGAM/mtdlUyA=
github.com/robertkrimen/otto v0.0.0-20191219234010-c382bd3c16ff/go.mod h1:xvqspoSXJTIpemEonrMDFq6XzwHYYgToXWj5eRX1OtY=
github.com/zserge/webview v0.0.0-20200121135717-9c1b0a888aa4 h1:UjGpx0KjJegeVC/TZEL/dSCTUXajewpIA1NTF8snadg=
github.com/zserge/webview v0.0.0-20200121135717-9c1b0a888aa4/go.mod h1:a1CV8KR4Dd1eP2g+mEijGOp+HKczwdKHWyx0aPHKvo4=
gopkg.in/sourcemap.v1 v1.0.5 h1:inv58fC9f9J3TK2Y2R1NPntXEn3/wjWHkonhIUODNTI=
gopkg.in/sourcemap.v1 v1.0.5/go.mod h1:2RlvNNSMglmRrcvhfuzp4hQHwOtjxlbjX7UPY/GXb78=
